// !$*UTF8*$!
{
	archiveVersion = 1;
	classes = {
	};
	objectVersion = 55;
	objects = {

/* Begin PBXBuildFile section */
		347296D9280650E300AB342A /* Whoosh.aiff in Resources */ = {isa = PBXBuildFile; fileRef = 347296D8280650E300AB342A /* Whoosh.aiff */; };
		3472970C2806B71000AB342A /* David.png in Resources */ = {isa = PBXBuildFile; fileRef = 347296F82806B71000AB342A /* David.png */; };
		3472970D2806B71000AB342A /* John.png in Resources */ = {isa = PBXBuildFile; fileRef = 347296F92806B71000AB342A /* John.png */; };
		3472970E2806B71000AB342A /* ken.png in Resources */ = {isa = PBXBuildFile; fileRef = 347296FA2806B71000AB342A /* ken.png */; };
		3472970F2806B71000AB342A /* matt.png in Resources */ = {isa = PBXBuildFile; fileRef = 347296FB2806B71000AB342A /* matt.png */; };
		347297102806B71000AB342A /* gui.png in Resources */ = {isa = PBXBuildFile; fileRef = 347296FC2806B71000AB342A /* gui.png */; };
		347297112806B71000AB342A /* bora.png in Resources */ = {isa = PBXBuildFile; fileRef = 347296FD2806B71000AB342A /* bora.png */; };
		347297122806B71000AB342A /* aljaz.png in Resources */ = {isa = PBXBuildFile; fileRef = 347296FE2806B71000AB342A /* aljaz.png */; };
		347297132806B71000AB342A /* jim.png in Resources */ = {isa = PBXBuildFile; fileRef = 347296FF2806B71000AB342A /* jim.png */; };
		347297142806B71000AB342A /* guy.png in Resources */ = {isa = PBXBuildFile; fileRef = 347297002806B71000AB342A /* guy.png */; };
		347297152806B71000AB342A /* minal.png in Resources */ = {isa = PBXBuildFile; fileRef = 347297012806B71000AB342A /* minal.png */; };
		347297162806B71000AB342A /* Hima.png in Resources */ = {isa = PBXBuildFile; fileRef = 347297022806B71000AB342A /* Hima.png */; };
		347297172806B71000AB342A /* jernejo.png in Resources */ = {isa = PBXBuildFile; fileRef = 347297032806B71000AB342A /* jernejo.png */; };
		347297182806B71000AB342A /* amirmehdi.png in Resources */ = {isa = PBXBuildFile; fileRef = 347297042806B71000AB342A /* amirmehdi.png */; };
		347297192806B71000AB342A /* jernejl.png in Resources */ = {isa = PBXBuildFile; fileRef = 347297052806B71000AB342A /* jernejl.png */; };
		3472971A2806B71000AB342A /* Niko.png in Resources */ = {isa = PBXBuildFile; fileRef = 347297062806B71000AB342A /* Niko.png */; };
		3472971B2806B71000AB342A /* Wenli.png in Resources */ = {isa = PBXBuildFile; fileRef = 347297072806B71000AB342A /* Wenli.png */; };
		3472971C2806B71000AB342A /* haritha.png in Resources */ = {isa = PBXBuildFile; fileRef = 347297082806B71000AB342A /* haritha.png */; };
		3472971D2806B71000AB342A /* adhita.png in Resources */ = {isa = PBXBuildFile; fileRef = 347297092806B71000AB342A /* adhita.png */; };
		3472971E2806B71000AB342A /* Matej.png in Resources */ = {isa = PBXBuildFile; fileRef = 3472970A2806B71000AB342A /* Matej.png */; };
		3472971F2806B71000AB342A /* joe.png in Resources */ = {isa = PBXBuildFile; fileRef = 3472970B2806B71000AB342A /* joe.png */; };
		347347A22802820B0040175E /* AppDelegate.swift in Sources */ = {isa = PBXBuildFile; fileRef = 347347A12802820B0040175E /* AppDelegate.swift */; };
		347347A42802820B0040175E /* SceneDelegate.swift in Sources */ = {isa = PBXBuildFile; fileRef = 347347A32802820B0040175E /* SceneDelegate.swift */; };
		347347A62802820B0040175E /* ViewController.swift in Sources */ = {isa = PBXBuildFile; fileRef = 347347A52802820B0040175E /* ViewController.swift */; };
		347347A92802820B0040175E /* Main.storyboard in Resources */ = {isa = PBXBuildFile; fileRef = 347347A72802820B0040175E /* Main.storyboard */; };
		347347AB2802820F0040175E /* Assets.xcassets in Resources */ = {isa = PBXBuildFile; fileRef = 347347AA2802820F0040175E /* Assets.xcassets */; };
		347347AE2802820F0040175E /* LaunchScreen.storyboard in Resources */ = {isa = PBXBuildFile; fileRef = 347347AC2802820F0040175E /* LaunchScreen.storyboard */; };
		348A3A302804B44600A20ACB /* TableViewController.swift in Sources */ = {isa = PBXBuildFile; fileRef = 348A3A2F2804B44600A20ACB /* TableViewController.swift */; };
/* End PBXBuildFile section */

/* Begin PBXFileReference section */
		347296D8280650E300AB342A /* Whoosh.aiff */ = {isa = PBXFileReference; lastKnownFileType = audio.aiff; path = Whoosh.aiff; sourceTree = "<group>"; };
		347296F82806B71000AB342A /* David.png */ = {isa = PBXFileReference; lastKnownFileType = image.png; path = David.png; sourceTree = "<group>"; };
		347296F92806B71000AB342A /* John.png */ = {isa = PBXFileReference; lastKnownFileType = image.png; path = John.png; sourceTree = "<group>"; };
		347296FA2806B71000AB342A /* ken.png */ = {isa = PBXFileReference; lastKnownFileType = image.png; path = ken.png; sourceTree = "<group>"; };
		347296FB2806B71000AB342A /* matt.png */ = {isa = PBXFileReference; lastKnownFileType = image.png; path = matt.png; sourceTree = "<group>"; };
		347296FC2806B71000AB342A /* gui.png */ = {isa = PBXFileReference; lastKnownFileType = image.png; path = gui.png; sourceTree = "<group>"; };
		347296FD2806B71000AB342A /* bora.png */ = {isa = PBXFileReference; lastKnownFileType = image.png; path = bora.png; sourceTree = "<group>"; };
		347296FE2806B71000AB342A /* aljaz.png */ = {isa = PBXFileReference; lastKnownFileType = image.png; path = aljaz.png; sourceTree = "<group>"; };
		347296FF2806B71000AB342A /* jim.png */ = {isa = PBXFileReference; lastKnownFileType = image.png; path = jim.png; sourceTree = "<group>"; };
		347297002806B71000AB342A /* guy.png */ = {isa = PBXFileReference; lastKnownFileType = image.png; path = guy.png; sourceTree = "<group>"; };
		347297012806B71000AB342A /* minal.png */ = {isa = PBXFileReference; lastKnownFileType = image.png; path = minal.png; sourceTree = "<group>"; };
		347297022806B71000AB342A /* Hima.png */ = {isa = PBXFileReference; lastKnownFileType = image.png; path = Hima.png; sourceTree = "<group>"; };
		347297032806B71000AB342A /* jernejo.png */ = {isa = PBXFileReference; lastKnownFileType = image.png; path = jernejo.png; sourceTree = "<group>"; };
		347297042806B71000AB342A /* amirmehdi.png */ = {isa = PBXFileReference; lastKnownFileType = image.png; path = amirmehdi.png; sourceTree = "<group>"; };
		347297052806B71000AB342A /* jernejl.png */ = {isa = PBXFileReference; lastKnownFileType = image.png; path = jernejl.png; sourceTree = "<group>"; };
		347297062806B71000AB342A /* Niko.png */ = {isa = PBXFileReference; lastKnownFileType = image.png; path = Niko.png; sourceTree = "<group>"; };
		347297072806B71000AB342A /* Wenli.png */ = {isa = PBXFileReference; lastKnownFileType = image.png; path = Wenli.png; sourceTree = "<group>"; };
		347297082806B71000AB342A /* haritha.png */ = {isa = PBXFileReference; lastKnownFileType = image.png; path = haritha.png; sourceTree = "<group>"; };
		347297092806B71000AB342A /* adhita.png */ = {isa = PBXFileReference; lastKnownFileType = image.png; path = adhita.png; sourceTree = "<group>"; };
		3472970A2806B71000AB342A /* Matej.png */ = {isa = PBXFileReference; lastKnownFileType = image.png; path = Matej.png; sourceTree = "<group>"; };
		3472970B2806B71000AB342A /* joe.png */ = {isa = PBXFileReference; lastKnownFileType = image.png; path = joe.png; sourceTree = "<group>"; };
		3473479E2802820B0040175E /* LookBook.app */ = {isa = PBXFileReference; explicitFileType = wrapper.application; includeInIndex = 0; path = LookBook.app; sourceTree = BUILT_PRODUCTS_DIR; };
		347347A12802820B0040175E /* AppDelegate.swift */ = {isa = PBXFileReference; lastKnownFileType = sourcecode.swift; path = AppDelegate.swift; sourceTree = "<group>"; };
		347347A32802820B0040175E /* SceneDelegate.swift */ = {isa = PBXFileReference; lastKnownFileType = sourcecode.swift; path = SceneDelegate.swift; sourceTree = "<group>"; };
		347347A52802820B0040175E /* ViewController.swift */ = {isa = PBXFileReference; lastKnownFileType = sourcecode.swift; path = ViewController.swift; sourceTree = "<group>"; };
		347347A82802820B0040175E /* Base */ = {isa = PBXFileReference; lastKnownFileType = file.storyboard; name = Base; path = Base.lproj/Main.storyboard; sourceTree = "<group>"; };
		347347AA2802820F0040175E /* Assets.xcassets */ = {isa = PBXFileReference; lastKnownFileType = folder.assetcatalog; path = Assets.xcassets; sourceTree = "<group>"; };
		347347AD2802820F0040175E /* Base */ = {isa = PBXFileReference; lastKnownFileType = file.storyboard; name = Base; path = Base.lproj/LaunchScreen.storyboard; sourceTree = "<group>"; };
		347347AF2802820F0040175E /* Info.plist */ = {isa = PBXFileReference; lastKnownFileType = text.plist.xml; path = Info.plist; sourceTree = "<group>"; };
		348A3A2F2804B44600A20ACB /* TableViewController.swift */ = {isa = PBXFileReference; lastKnownFileType = sourcecode.swift; path = TableViewController.swift; sourceTree = "<group>"; };
/* End PBXFileReference section */

/* Begin PBXFrameworksBuildPhase section */
		3473479B2802820B0040175E /* Frameworks */ = {
			isa = PBXFrameworksBuildPhase;
			buildActionMask = 2147483647;
			files = (
			);
			runOnlyForDeploymentPostprocessing = 0;
		};
/* End PBXFrameworksBuildPhase section */

/* Begin PBXGroup section */
		347296F72806B71000AB342A /* HeadShots */ = {
			isa = PBXGroup;
			children = (
				347296F82806B71000AB342A /* David.png */,
				347296F92806B71000AB342A /* John.png */,
				347296FA2806B71000AB342A /* ken.png */,
				347296FB2806B71000AB342A /* matt.png */,
				347296FC2806B71000AB342A /* gui.png */,
				347296FD2806B71000AB342A /* bora.png */,
				347296FE2806B71000AB342A /* aljaz.png */,
				347296FF2806B71000AB342A /* jim.png */,
				347297002806B71000AB342A /* guy.png */,
				347297012806B71000AB342A /* minal.png */,
				347297022806B71000AB342A /* Hima.png */,
				347297032806B71000AB342A /* jernejo.png */,
				347297042806B71000AB342A /* amirmehdi.png */,
				347297052806B71000AB342A /* jernejl.png */,
				347297062806B71000AB342A /* Niko.png */,
				347297072806B71000AB342A /* Wenli.png */,
				347297082806B71000AB342A /* haritha.png */,
				347297092806B71000AB342A /* adhita.png */,
				3472970A2806B71000AB342A /* Matej.png */,
				3472970B2806B71000AB342A /* joe.png */,
			);
			path = HeadShots;
			sourceTree = "<group>";
		};
		347347952802820B0040175E = {
			isa = PBXGroup;
			children = (
				347347A02802820B0040175E /* LookBook */,
				3473479F2802820B0040175E /* Products */,
			);
			sourceTree = "<group>";
		};
		3473479F2802820B0040175E /* Products */ = {
			isa = PBXGroup;
			children = (
				3473479E2802820B0040175E /* LookBook.app */,
			);
			name = Products;
			sourceTree = "<group>";
		};
		347347A02802820B0040175E /* LookBook */ = {
			isa = PBXGroup;
			children = (
				347347A12802820B0040175E /* AppDelegate.swift */,
				347347A32802820B0040175E /* SceneDelegate.swift */,
				348A3A2F2804B44600A20ACB /* TableViewController.swift */,
				347347A52802820B0040175E /* ViewController.swift */,
				347296F72806B71000AB342A /* HeadShots */,
				347296D8280650E300AB342A /* Whoosh.aiff */,
				347347A72802820B0040175E /* Main.storyboard */,
				347347AA2802820F0040175E /* Assets.xcassets */,
				347347AC2802820F0040175E /* LaunchScreen.storyboard */,
				347347AF2802820F0040175E /* Info.plist */,
			);
			path = LookBook;
			sourceTree = "<group>";
		};
/* End PBXGroup section */

/* Begin PBXNativeTarget section */
		3473479D2802820B0040175E /* LookBook */ = {
			isa = PBXNativeTarget;
			buildConfigurationList = 347347B22802820F0040175E /* Build configuration list for PBXNativeTarget "LookBook" */;
			buildPhases = (
				3473479A2802820B0040175E /* Sources */,
				3473479B2802820B0040175E /* Frameworks */,
				3473479C2802820B0040175E /* Resources */,
			);
			buildRules = (
			);
			dependencies = (
			);
			name = LookBook;
			productName = LookBook;
			productReference = 3473479E2802820B0040175E /* LookBook.app */;
			productType = "com.apple.product-type.application";
		};
/* End PBXNativeTarget section */

/* Begin PBXProject section */
		347347962802820B0040175E /* Project object */ = {
			isa = PBXProject;
			attributes = {
				BuildIndependentTargetsInParallel = 1;
				LastSwiftUpdateCheck = 1320;
				LastUpgradeCheck = 1320;
				TargetAttributes = {
					3473479D2802820B0040175E = {
						CreatedOnToolsVersion = 13.2.1;
					};
				};
			};
			buildConfigurationList = 347347992802820B0040175E /* Build configuration list for PBXProject "LookBook" */;
			compatibilityVersion = "Xcode 13.0";
			developmentRegion = en;
			hasScannedForEncodings = 0;
			knownRegions = (
				en,
				Base,
			);
			mainGroup = 347347952802820B0040175E;
			productRefGroup = 3473479F2802820B0040175E /* Products */;
			projectDirPath = "";
			projectRoot = "";
			targets = (
				3473479D2802820B0040175E /* LookBook */,
			);
		};
/* End PBXProject section */

/* Begin PBXResourcesBuildPhase section */
		3473479C2802820B0040175E /* Resources */ = {
			isa = PBXResourcesBuildPhase;
			buildActionMask = 2147483647;
			files = (
				3472971F2806B71000AB342A /* joe.png in Resources */,
				347297102806B71000AB342A /* gui.png in Resources */,
				347297182806B71000AB342A /* amirmehdi.png in Resources */,
				347297112806B71000AB342A /* bora.png in Resources */,
				3472970D2806B71000AB342A /* John.png in Resources */,
				3472970F2806B71000AB342A /* matt.png in Resources */,
				3472971C2806B71000AB342A /* haritha.png in Resources */,
				3472970E2806B71000AB342A /* ken.png in Resources */,
				347297152806B71000AB342A /* minal.png in Resources */,
				347297142806B71000AB342A /* guy.png in Resources */,
				347347AE2802820F0040175E /* LaunchScreen.storyboard in Resources */,
				347297132806B71000AB342A /* jim.png in Resources */,
				3472971A2806B71000AB342A /* Niko.png in Resources */,
				3472971D2806B71000AB342A /* adhita.png in Resources */,
				347297192806B71000AB342A /* jernejl.png in Resources */,
				347347AB2802820F0040175E /* Assets.xcassets in Resources */,
				3472971E2806B71000AB342A /* Matej.png in Resources */,
				347347A92802820B0040175E /* Main.storyboard in Resources */,
				347297172806B71000AB342A /* jernejo.png in Resources */,
				347296D9280650E300AB342A /* Whoosh.aiff in Resources */,
				347297162806B71000AB342A /* Hima.png in Resources */,
				347297122806B71000AB342A /* aljaz.png in Resources */,
				3472970C2806B71000AB342A /* David.png in Resources */,
				3472971B2806B71000AB342A /* Wenli.png in Resources */,
			);
			runOnlyForDeploymentPostprocessing = 0;
		};
/* End PBXResourcesBuildPhase section */

/* Begin PBXSourcesBuildPhase section */
		3473479A2802820B0040175E /* Sources */ = {
			isa = PBXSourcesBuildPhase;
			buildActionMask = 2147483647;
			files = (
				347347A62802820B0040175E /* ViewController.swift in Sources */,
				347347A22802820B0040175E /* AppDelegate.swift in Sources */,
				347347A42802820B0040175E /* SceneDelegate.swift in Sources */,
				348A3A302804B44600A20ACB /* TableViewController.swift in Sources */,
			);
			runOnlyForDeploymentPostprocessing = 0;
		};
/* End PBXSourcesBuildPhase section */

/* Begin PBXVariantGroup section */
		347347A72802820B0040175E /* Main.storyboard */ = {
			isa = PBXVariantGroup;
			children = (
				347347A82802820B0040175E /* Base */,
			);
			name = Main.storyboard;
			sourceTree = "<group>";
		};
		347347AC2802820F0040175E /* LaunchScreen.storyboard */ = {
			isa = PBXVariantGroup;
			children = (
				347347AD2802820F0040175E /* Base */,
			);
			name = LaunchScreen.storyboard;
			sourceTree = "<group>";
		};
/* End PBXVariantGroup section */

/* Begin XCBuildConfiguration section */
		347347B02802820F0040175E /* Debug */ = {
			isa = XCBuildConfiguration;
			buildSettings = {
				ALWAYS_SEARCH_USER_PATHS = NO;
				CLANG_ANALYZER_NONNULL = YES;
				CLANG_ANALYZER_NUMBER_OBJECT_CONVERSION = YES_AGGRESSIVE;
				CLANG_CXX_LANGUAGE_STANDARD = "gnu++17";
				CLANG_CXX_LIBRARY = "libc++";
				CLANG_ENABLE_MODULES = YES;
				CLANG_ENABLE_OBJC_ARC = YES;
				CLANG_ENABLE_OBJC_WEAK = YES;
				CLANG_WARN_BLOCK_CAPTURE_AUTORELEASING = YES;
				CLANG_WARN_BOOL_CONVERSION = YES;
				CLANG_WARN_COMMA = YES;
				CLANG_WARN_CONSTANT_CONVERSION = YES;
				CLANG_WARN_DEPRECATED_OBJC_IMPLEMENTATIONS = YES;
				CLANG_WARN_DIRECT_OBJC_ISA_USAGE = YES_ERROR;
				CLANG_WARN_DOCUMENTATION_COMMENTS = YES;
				CLANG_WARN_EMPTY_BODY = YES;
				CLANG_WARN_ENUM_CONVERSION = YES;
				CLANG_WARN_INFINITE_RECURSION = YES;
				CLANG_WARN_INT_CONVERSION = YES;
				CLANG_WARN_NON_LITERAL_NULL_CONVERSION = YES;
				CLANG_WARN_OBJC_IMPLICIT_RETAIN_SELF = YES;
				CLANG_WARN_OBJC_LITERAL_CONVERSION = YES;
				CLANG_WARN_OBJC_ROOT_CLASS = YES_ERROR;
				CLANG_WARN_QUOTED_INCLUDE_IN_FRAMEWORK_HEADER = YES;
				CLANG_WARN_RANGE_LOOP_ANALYSIS = YES;
				CLANG_WARN_STRICT_PROTOTYPES = YES;
				CLANG_WARN_SUSPICIOUS_MOVE = YES;
				CLANG_WARN_UNGUARDED_AVAILABILITY = YES_AGGRESSIVE;
				CLANG_WARN_UNREACHABLE_CODE = YES;
				CLANG_WARN__DUPLICATE_METHOD_MATCH = YES;
				COPY_PHASE_STRIP = NO;
				DEBUG_INFORMATION_FORMAT = dwarf;
				ENABLE_STRICT_OBJC_MSGSEND = YES;
				ENABLE_TESTABILITY = YES;
				GCC_C_LANGUAGE_STANDARD = gnu11;
				GCC_DYNAMIC_NO_PIC = NO;
				GCC_NO_COMMON_BLOCKS = YES;
				GCC_OPTIMIZATION_LEVEL = 0;
				GCC_PREPROCESSOR_DEFINITIONS = (
					"DEBUG=1",
					"$(inherited)",
				);
				GCC_WARN_64_TO_32_BIT_CONVERSION = YES;
				GCC_WARN_ABOUT_RETURN_TYPE = YES_ERROR;
				GCC_WARN_UNDECLARED_SELECTOR = YES;
				GCC_WARN_UNINITIALIZED_AUTOS = YES_AGGRESSIVE;
				GCC_WARN_UNUSED_FUNCTION = YES;
				GCC_WARN_UNUSED_VARIABLE = YES;
				IPHONEOS_DEPLOYMENT_TARGET = 15.2;
				MTL_ENABLE_DEBUG_INFO = INCLUDE_SOURCE;
				MTL_FAST_MATH = YES;
				ONLY_ACTIVE_ARCH = YES;
				SDKROOT = iphoneos;
				SWIFT_ACTIVE_COMPILATION_CONDITIONS = DEBUG;
				SWIFT_OPTIMIZATION_LEVEL = "-Onone";
			};
			name = Debug;
		};
		347347B12802820F0040175E /* Release */ = {
			isa = XCBuildConfiguration;
			buildSettings = {
				ALWAYS_SEARCH_USER_PATHS = NO;
				CLANG_ANALYZER_NONNULL = YES;
				CLANG_ANALYZER_NUMBER_OBJECT_CONVERSION = YES_AGGRESSIVE;
				CLANG_CXX_LANGUAGE_STANDARD = "gnu++17";
				CLANG_CXX_LIBRARY = "libc++";
				CLANG_ENABLE_MODULES = YES;
				CLANG_ENABLE_OBJC_ARC = YES;
				CLANG_ENABLE_OBJC_WEAK = YES;
				CLANG_WARN_BLOCK_CAPTURE_AUTORELEASING = YES;
				CLANG_WARN_BOOL_CONVERSION = YES;
				CLANG_WARN_COMMA = YES;
				CLANG_WARN_CONSTANT_CONVERSION = YES;
				CLANG_WARN_DEPRECATED_OBJC_IMPLEMENTATIONS = YES;
				CLANG_WARN_DIRECT_OBJC_ISA_USAGE = YES_ERROR;
				CLANG_WARN_DOCUMENTATION_COMMENTS = YES;
				CLANG_WARN_EMPTY_BODY = YES;
				CLANG_WARN_ENUM_CONVERSION = YES;
				CLANG_WARN_INFINITE_RECURSION = YES;
				CLANG_WARN_INT_CONVERSION = YES;
				CLANG_WARN_NON_LITERAL_NULL_CONVERSION = YES;
				CLANG_WARN_OBJC_IMPLICIT_RETAIN_SELF = YES;
				CLANG_WARN_OBJC_LITERAL_CONVERSION = YES;
				CLANG_WARN_OBJC_ROOT_CLASS = YES_ERROR;
				CLANG_WARN_QUOTED_INCLUDE_IN_FRAMEWORK_HEADER = YES;
				CLANG_WARN_RANGE_LOOP_ANALYSIS = YES;
				CLANG_WARN_STRICT_PROTOTYPES = YES;
				CLANG_WARN_SUSPICIOUS_MOVE = YES;
				CLANG_WARN_UNGUARDED_AVAILABILITY = YES_AGGRESSIVE;
				CLANG_WARN_UNREACHABLE_CODE = YES;
				CLANG_WARN__DUPLICATE_METHOD_MATCH = YES;
				COPY_PHASE_STRIP = NO;
				DEBUG_INFORMATION_FORMAT = "dwarf-with-dsym";
				ENABLE_NS_ASSERTIONS = NO;
				ENABLE_STRICT_OBJC_MSGSEND = YES;
				GCC_C_LANGUAGE_STANDARD = gnu11;
				GCC_NO_COMMON_BLOCKS = YES;
				GCC_WARN_64_TO_32_BIT_CONVERSION = YES;
				GCC_WARN_ABOUT_RETURN_TYPE = YES_ERROR;
				GCC_WARN_UNDECLARED_SELECTOR = YES;
				GCC_WARN_UNINITIALIZED_AUTOS = YES_AGGRESSIVE;
				GCC_WARN_UNUSED_FUNCTION = YES;
				GCC_WARN_UNUSED_VARIABLE = YES;
				IPHONEOS_DEPLOYMENT_TARGET = 15.2;
				MTL_ENABLE_DEBUG_INFO = NO;
				MTL_FAST_MATH = YES;
				SDKROOT = iphoneos;
				SWIFT_COMPILATION_MODE = wholemodule;
				SWIFT_OPTIMIZATION_LEVEL = "-O";
				VALIDATE_PRODUCT = YES;
			};
			name = Release;
		};
		347347B32802820F0040175E /* Debug */ = {
			isa = XCBuildConfiguration;
			buildSettings = {
				ASSETCATALOG_COMPILER_APPICON_NAME = AppIcon;
				ASSETCATALOG_COMPILER_GLOBAL_ACCENT_COLOR_NAME = AccentColor;
				CODE_SIGN_STYLE = Automatic;
				CURRENT_PROJECT_VERSION = 1;
				DEVELOPMENT_TEAM = 2TJN5BZ3FJ;
				GENERATE_INFOPLIST_FILE = YES;
				INFOPLIST_FILE = LookBook/Info.plist;
				INFOPLIST_KEY_UIApplicationSupportsIndirectInputEvents = YES;
				INFOPLIST_KEY_UILaunchStoryboardName = LaunchScreen;
				INFOPLIST_KEY_UIMainStoryboardFile = Main;
				INFOPLIST_KEY_UISupportedInterfaceOrientations_iPad = "UIInterfaceOrientationPortrait UIInterfaceOrientationPortraitUpsideDown UIInterfaceOrientationLandscapeLeft UIInterfaceOrientationLandscapeRight";
				INFOPLIST_KEY_UISupportedInterfaceOrientations_iPhone = "UIInterfaceOrientationPortrait UIInterfaceOrientationLandscapeLeft UIInterfaceOrientationLandscapeRight";
				LD_RUNPATH_SEARCH_PATHS = (
					"$(inherited)",
					"@executable_path/Frameworks",
				);
				MARKETING_VERSION = 1.0;
				PRODUCT_BUNDLE_IDENTIFIER = com.CrystalSpringsSoftware.LookBook;
				PRODUCT_NAME = "$(TARGET_NAME)";
				SWIFT_EMIT_LOC_STRINGS = YES;
				SWIFT_VERSION = 5.0;
				TARGETED_DEVICE_FAMILY = "1,2";
			};
			name = Debug;
		};
		347347B42802820F0040175E /* Release */ = {
			isa = XCBuildConfiguration;
			buildSettings = {
				ASSETCATALOG_COMPILER_APPICON_NAME = AppIcon;
				ASSETCATALOG_COMPILER_GLOBAL_ACCENT_COLOR_NAME = AccentColor;
				CODE_SIGN_STYLE = Automatic;
				CURRENT_PROJECT_VERSION = 1;
				DEVELOPMENT_TEAM = 2TJN5BZ3FJ;
				GENERATE_INFOPLIST_FILE = YES;
				INFOPLIST_FILE = LookBook/Info.plist;
				INFOPLIST_KEY_UIApplicationSupportsIndirectInputEvents = YES;
				INFOPLIST_KEY_UILaunchStoryboardName = LaunchScreen;
				INFOPLIST_KEY_UIMainStoryboardFile = Main;
				INFOPLIST_KEY_UISupportedInterfaceOrientations_iPad = "UIInterfaceOrientationPortrait UIInterfaceOrientationPortraitUpsideDown UIInterfaceOrientationLandscapeLeft UIInterfaceOrientationLandscapeRight";
				INFOPLIST_KEY_UISupportedInterfaceOrientations_iPhone = "UIInterfaceOrientationPortrait UIInterfaceOrientationLandscapeLeft UIInterfaceOrientationLandscapeRight";
				LD_RUNPATH_SEARCH_PATHS = (
					"$(inherited)",
					"@executable_path/Frameworks",
				);
				MARKETING_VERSION = 1.0;
				PRODUCT_BUNDLE_IDENTIFIER = com.CrystalSpringsSoftware.LookBook;
				PRODUCT_NAME = "$(TARGET_NAME)";
				SWIFT_EMIT_LOC_STRINGS = YES;
				SWIFT_VERSION = 5.0;
				TARGETED_DEVICE_FAMILY = "1,2";
			};
			name = Release;
		};
/* End XCBuildConfiguration section */

/* Begin XCConfigurationList section */
		347347992802820B0040175E /* Build configuration list for PBXProject "LookBook" */ = {
			isa = XCConfigurationList;
			buildConfigurations = (
				347347B02802820F0040175E /* Debug */,
				347347B12802820F0040175E /* Release */,
			);
			defaultConfigurationIsVisible = 0;
			defaultConfigurationName = Release;
		};
		347347B22802820F0040175E /* Build configuration list for PBXNativeTarget "LookBook" */ = {
			isa = XCConfigurationList;
			buildConfigurations = (
				347347B32802820F0040175E /* Debug */,
				347347B42802820F0040175E /* Release */,
			);
			defaultConfigurationIsVisible = 0;
			defaultConfigurationName = Release;
		};
/* End XCConfigurationList section */
	};
	rootObject = 347347962802820B0040175E /* Project object */;
}
